
Microsoft Visual Studio Solution File, Format Version 12.00
# Visual Studio Version 17
VisualStudioVersion = 17.7.34018.315
MinimumVisualStudioVersion = 10.0.40219.1
Project("{FAE04EC0-301F-11D3-BF4B-00C04F79EFBC}") = "GetDataAzure", "GetDataAzure.csproj", "{CAC0C5C9-D875-47B3-877A-6CE35479E9AA}"
EndProject
Global
	GlobalSection(SolutionConfigurationPlatforms) = preSolution
		Debug|Any CPU = Debug|Any CPU
		Release|Any CPU = Release|Any CPU
	EndGlobalSection
	GlobalSection(ProjectConfigurationPlatforms) = postSolution
		{CAC0C5C9-D875-47B3-877A-6CE35479E9AA}.Debug|Any CPU.ActiveCfg = Debug|Any CPU
		{CAC0C5C9-D875-47B3-877A-6CE35479E9AA}.Debug|Any CPU.Build.0 = Debug|Any CPU
		{CAC0C5C9-D875-47B3-877A-6CE35479E9AA}.Release|Any CPU.ActiveCfg = Release|Any CPU
		{CAC0C5C9-D875-47B3-877A-6CE35479E9AA}.Release|Any CPU.Build.0 = Release|Any CPU
	EndGlobalSection
	GlobalSection(SolutionProperties) = preSolution
		HideSolutionNode = FALSE
	EndGlobalSection
	GlobalSection(ExtensibilityGlobals) = postSolution
		SolutionGuid = {B5992FF2-3196-486F-97B1-A32E7F4DD404}
	EndGlobalSection
EndGlobal
